// !$*UTF8*$!
{
	archiveVersion = 1;
	classes = {
	};
	objectVersion = 48;
	objects = {

/* Begin PBXBuildFile section */
		CCFB04DC218EA5B900405734 /* AVFoundation.framework in Frameworks */ = {isa = PBXBuildFile; fileRef = CCFB04DB218EA5B900405734 /* AVFoundation.framework */; };
		F36664A8401C36E7633566EC /* Pods_AudioRating_iOS.framework in Frameworks */ = {isa = PBXBuildFile; fileRef = 09048CA5F53C35FFA5BD58C4 /* Pods_AudioRating_iOS.framework */; };
		F477CA6A1F881FB900C7CCD9 /* ProjectCollectionViewCell.swift in Sources */ = {isa = PBXBuildFile; fileRef = F477CA521F881FB900C7CCD9 /* ProjectCollectionViewCell.swift */; };
		F477CA6B1F881FB900C7CCD9 /* ProjectCollectionViewCell.xib in Resources */ = {isa = PBXBuildFile; fileRef = F477CA531F881FB900C7CCD9 /* ProjectCollectionViewCell.xib */; };
		F477CA6C1F881FB900C7CCD9 /* TrackCollectionViewCell.swift in Sources */ = {isa = PBXBuildFile; fileRef = F477CA541F881FB900C7CCD9 /* TrackCollectionViewCell.swift */; };
		F477CA6D1F881FB900C7CCD9 /* AppDelegate.swift in Sources */ = {isa = PBXBuildFile; fileRef = F477CA561F881FB900C7CCD9 /* AppDelegate.swift */; };
		F477CA6E1F881FB900C7CCD9 /* Main_ContainerViewController.swift in Sources */ = {isa = PBXBuildFile; fileRef = F477CA571F881FB900C7CCD9 /* Main_ContainerViewController.swift */; };
		F477CA6F1F881FB900C7CCD9 /* Main_DataViewController.swift in Sources */ = {isa = PBXBuildFile; fileRef = F477CA581F881FB900C7CCD9 /* Main_DataViewController.swift */; };
		F477CA701F881FB900C7CCD9 /* Main_TracksViewController.swift in Sources */ = {isa = PBXBuildFile; fileRef = F477CA591F881FB900C7CCD9 /* Main_TracksViewController.swift */; };
		F477CA711F881FB900C7CCD9 /* Projects_MainViewController.swift in Sources */ = {isa = PBXBuildFile; fileRef = F477CA5A1F881FB900C7CCD9 /* Projects_MainViewController.swift */; };
		F477CA731F881FB900C7CCD9 /* Tracks_MainViewController.swift in Sources */ = {isa = PBXBuildFile; fileRef = F477CA5C1F881FB900C7CCD9 /* Tracks_MainViewController.swift */; };
		F477CA741F881FB900C7CCD9 /* Tracks_SelectionViewController.swift in Sources */ = {isa = PBXBuildFile; fileRef = F477CA5D1F881FB900C7CCD9 /* Tracks_SelectionViewController.swift */; };
		F477CA751F881FB900C7CCD9 /* UIApplication+Utility.swift in Sources */ = {isa = PBXBuildFile; fileRef = F477CA5F1F881FB900C7CCD9 /* UIApplication+Utility.swift */; };
		F477CA761F881FB900C7CCD9 /* UIColor+Utility.swift in Sources */ = {isa = PBXBuildFile; fileRef = F477CA601F881FB900C7CCD9 /* UIColor+Utility.swift */; };
		F477CA771F881FB900C7CCD9 /* Assets.xcassets in Resources */ = {isa = PBXBuildFile; fileRef = F477CA621F881FB900C7CCD9 /* Assets.xcassets */; };
		F477CA7A1F881FB900C7CCD9 /* AddTrack_Universal.storyboard in Resources */ = {isa = PBXBuildFile; fileRef = F477CA661F881FB900C7CCD9 /* AddTrack_Universal.storyboard */; };
		F477CA7B1F881FB900C7CCD9 /* LaunchScreen.storyboard in Resources */ = {isa = PBXBuildFile; fileRef = F477CA671F881FB900C7CCD9 /* LaunchScreen.storyboard */; };
		F477CA7C1F881FB900C7CCD9 /* Main_iPad.storyboard in Resources */ = {isa = PBXBuildFile; fileRef = F477CA681F881FB900C7CCD9 /* Main_iPad.storyboard */; };
		F477CA7D1F881FB900C7CCD9 /* Main_iPhone.storyboard in Resources */ = {isa = PBXBuildFile; fileRef = F477CA691F881FB900C7CCD9 /* Main_iPhone.storyboard */; };
		F477CA811F8820A500C7CCD9 /* libc++.tbd in Frameworks */ = {isa = PBXBuildFile; fileRef = F477CA801F8820A500C7CCD9 /* libc++.tbd */; };
		F477CA831F8820C500C7CCD9 /* ImageIO.framework in Frameworks */ = {isa = PBXBuildFile; fileRef = F477CA821F8820B000C7CCD9 /* ImageIO.framework */; };
		F47A0BE91F8C79F3004120F6 /* FFTManager.swift in Sources */ = {isa = PBXBuildFile; fileRef = F47A0BE81F8C79F3004120F6 /* FFTManager.swift */; };
		F4DC31971F8C497000C25222 /* Projects_TemplatesViewController.swift in Sources */ = {isa = PBXBuildFile; fileRef = F4DC31961F8C497000C25222 /* Projects_TemplatesViewController.swift */; };
		F4DC31991F8C4A8300C25222 /* AddProject_Universal.storyboard in Resources */ = {isa = PBXBuildFile; fileRef = F4DC31981F8C49B500C25222 /* AddProject_Universal.storyboard */; };
		F4DC319C1F8C4B5C00C25222 /* CloudKit.framework in Frameworks */ = {isa = PBXBuildFile; fileRef = F4DC319B1F8C4B5C00C25222 /* CloudKit.framework */; };
/* End PBXBuildFile section */

/* Begin PBXFileReference section */
		09048CA5F53C35FFA5BD58C4 /* Pods_AudioRating_iOS.framework */ = {isa = PBXFileReference; explicitFileType = wrapper.framework; includeInIndex = 0; path = Pods_AudioRating_iOS.framework; sourceTree = BUILT_PRODUCTS_DIR; };
		60180BC6BD77E08084D0BC31 /* Pods-AudioRating_iOS.release.xcconfig */ = {isa = PBXFileReference; includeInIndex = 1; lastKnownFileType = text.xcconfig; name = "Pods-AudioRating_iOS.release.xcconfig"; path = "Pods/Target Support Files/Pods-AudioRating_iOS/Pods-AudioRating_iOS.release.xcconfig"; sourceTree = "<group>"; };
		7434CE3203509203925EDA3F /* Pods-AudioRating_iOS.debug.xcconfig */ = {isa = PBXFileReference; includeInIndex = 1; lastKnownFileType = text.xcconfig; name = "Pods-AudioRating_iOS.debug.xcconfig"; path = "Pods/Target Support Files/Pods-AudioRating_iOS/Pods-AudioRating_iOS.debug.xcconfig"; sourceTree = "<group>"; };
		CCFB04DB218EA5B900405734 /* AVFoundation.framework */ = {isa = PBXFileReference; lastKnownFileType = wrapper.framework; name = AVFoundation.framework; path = System/Library/Frameworks/AVFoundation.framework; sourceTree = SDKROOT; };
		F4546EBD1F881F0C00424128 /* AudioRating_iOS.app */ = {isa = PBXFileReference; explicitFileType = wrapper.application; includeInIndex = 0; path = AudioRating_iOS.app; sourceTree = BUILT_PRODUCTS_DIR; };
		F477CA521F881FB900C7CCD9 /* ProjectCollectionViewCell.swift */ = {isa = PBXFileReference; fileEncoding = 4; lastKnownFileType = sourcecode.swift; path = ProjectCollectionViewCell.swift; sourceTree = "<group>"; };
		F477CA531F881FB900C7CCD9 /* ProjectCollectionViewCell.xib */ = {isa = PBXFileReference; fileEncoding = 4; lastKnownFileType = file.xib; path = ProjectCollectionViewCell.xib; sourceTree = "<group>"; };
		F477CA541F881FB900C7CCD9 /* TrackCollectionViewCell.swift */ = {isa = PBXFileReference; fileEncoding = 4; lastKnownFileType = sourcecode.swift; path = TrackCollectionViewCell.swift; sourceTree = "<group>"; };
		F477CA561F881FB900C7CCD9 /* AppDelegate.swift */ = {isa = PBXFileReference; fileEncoding = 4; lastKnownFileType = sourcecode.swift; path = AppDelegate.swift; sourceTree = "<group>"; };
		F477CA571F881FB900C7CCD9 /* Main_ContainerViewController.swift */ = {isa = PBXFileReference; fileEncoding = 4; lastKnownFileType = sourcecode.swift; path = Main_ContainerViewController.swift; sourceTree = "<group>"; };
		F477CA581F881FB900C7CCD9 /* Main_DataViewController.swift */ = {isa = PBXFileReference; fileEncoding = 4; lastKnownFileType = sourcecode.swift; path = Main_DataViewController.swift; sourceTree = "<group>"; };
		F477CA591F881FB900C7CCD9 /* Main_TracksViewController.swift */ = {isa = PBXFileReference; fileEncoding = 4; lastKnownFileType = sourcecode.swift; path = Main_TracksViewController.swift; sourceTree = "<group>"; };
		F477CA5A1F881FB900C7CCD9 /* Projects_MainViewController.swift */ = {isa = PBXFileReference; fileEncoding = 4; lastKnownFileType = sourcecode.swift; path = Projects_MainViewController.swift; sourceTree = "<group>"; };
		F477CA5C1F881FB900C7CCD9 /* Tracks_MainViewController.swift */ = {isa = PBXFileReference; fileEncoding = 4; lastKnownFileType = sourcecode.swift; path = Tracks_MainViewController.swift; sourceTree = "<group>"; };
		F477CA5D1F881FB900C7CCD9 /* Tracks_SelectionViewController.swift */ = {isa = PBXFileReference; fileEncoding = 4; lastKnownFileType = sourcecode.swift; path = Tracks_SelectionViewController.swift; sourceTree = "<group>"; };
		F477CA5F1F881FB900C7CCD9 /* UIApplication+Utility.swift */ = {isa = PBXFileReference; fileEncoding = 4; lastKnownFileType = sourcecode.swift; path = "UIApplication+Utility.swift"; sourceTree = "<group>"; };
		F477CA601F881FB900C7CCD9 /* UIColor+Utility.swift */ = {isa = PBXFileReference; fileEncoding = 4; lastKnownFileType = sourcecode.swift; path = "UIColor+Utility.swift"; sourceTree = "<group>"; };
		F477CA621F881FB900C7CCD9 /* Assets.xcassets */ = {isa = PBXFileReference; lastKnownFileType = folder.assetcatalog; path = Assets.xcassets; sourceTree = "<group>"; };
		F477CA631F881FB900C7CCD9 /* Info.plist */ = {isa = PBXFileReference; fileEncoding = 4; lastKnownFileType = text.plist.xml; path = Info.plist; sourceTree = "<group>"; };
		F477CA661F881FB900C7CCD9 /* AddTrack_Universal.storyboard */ = {isa = PBXFileReference; fileEncoding = 4; lastKnownFileType = file.storyboard; path = AddTrack_Universal.storyboard; sourceTree = "<group>"; };
		F477CA671F881FB900C7CCD9 /* LaunchScreen.storyboard */ = {isa = PBXFileReference; fileEncoding = 4; lastKnownFileType = file.storyboard; path = LaunchScreen.storyboard; sourceTree = "<group>"; };
		F477CA681F881FB900C7CCD9 /* Main_iPad.storyboard */ = {isa = PBXFileReference; fileEncoding = 4; lastKnownFileType = file.storyboard; path = Main_iPad.storyboard; sourceTree = "<group>"; };
		F477CA691F881FB900C7CCD9 /* Main_iPhone.storyboard */ = {isa = PBXFileReference; fileEncoding = 4; lastKnownFileType = file.storyboard; path = Main_iPhone.storyboard; sourceTree = "<group>"; };
		F477CA801F8820A500C7CCD9 /* libc++.tbd */ = {isa = PBXFileReference; lastKnownFileType = "sourcecode.text-based-dylib-definition"; name = "libc++.tbd"; path = "usr/lib/libc++.tbd"; sourceTree = SDKROOT; };
		F477CA821F8820B000C7CCD9 /* ImageIO.framework */ = {isa = PBXFileReference; lastKnownFileType = wrapper.framework; name = ImageIO.framework; path = System/Library/Frameworks/ImageIO.framework; sourceTree = SDKROOT; };
		F47A0BE81F8C79F3004120F6 /* FFTManager.swift */ = {isa = PBXFileReference; lastKnownFileType = sourcecode.swift; path = FFTManager.swift; sourceTree = "<group>"; };
		F4DC31961F8C497000C25222 /* Projects_TemplatesViewController.swift */ = {isa = PBXFileReference; lastKnownFileType = sourcecode.swift; path = Projects_TemplatesViewController.swift; sourceTree = "<group>"; };
		F4DC31981F8C49B500C25222 /* AddProject_Universal.storyboard */ = {isa = PBXFileReference; lastKnownFileType = file.storyboard; path = AddProject_Universal.storyboard; sourceTree = "<group>"; };
		F4DC319A1F8C4B5700C25222 /* AudioRating_iOS.entitlements */ = {isa = PBXFileReference; lastKnownFileType = text.plist.entitlements; path = AudioRating_iOS.entitlements; sourceTree = "<group>"; };
		F4DC319B1F8C4B5C00C25222 /* CloudKit.framework */ = {isa = PBXFileReference; lastKnownFileType = wrapper.framework; name = CloudKit.framework; path = System/Library/Frameworks/CloudKit.framework; sourceTree = SDKROOT; };
		F4DC319D1F8C650700C25222 /* Three_60.wav */ = {isa = PBXFileReference; lastKnownFileType = audio.wav; path = Three_60.wav; sourceTree = "<group>"; };
/* End PBXFileReference section */

/* Begin PBXFrameworksBuildPhase section */
		F4546EBA1F881F0C00424128 /* Frameworks */ = {
			isa = PBXFrameworksBuildPhase;
			buildActionMask = 2147483647;
			files = (
				CCFB04DC218EA5B900405734 /* AVFoundation.framework in Frameworks */,
				F4DC319C1F8C4B5C00C25222 /* CloudKit.framework in Frameworks */,
				F477CA831F8820C500C7CCD9 /* ImageIO.framework in Frameworks */,
				F477CA811F8820A500C7CCD9 /* libc++.tbd in Frameworks */,
				F36664A8401C36E7633566EC /* Pods_AudioRating_iOS.framework in Frameworks */,
			);
			runOnlyForDeploymentPostprocessing = 0;
		};
/* End PBXFrameworksBuildPhase section */

/* Begin PBXGroup section */
		94E18BF82DCC791028B701A2 /* Pods */ = {
			isa = PBXGroup;
			children = (
				7434CE3203509203925EDA3F /* Pods-AudioRating_iOS.debug.xcconfig */,
				60180BC6BD77E08084D0BC31 /* Pods-AudioRating_iOS.release.xcconfig */,
			);
			name = Pods;
			sourceTree = "<group>";
		};
		ECA2116AFB16E7A7BAFF01F8 /* Frameworks */ = {
			isa = PBXGroup;
			children = (
				CCFB04DB218EA5B900405734 /* AVFoundation.framework */,
				F4DC319B1F8C4B5C00C25222 /* CloudKit.framework */,
				F477CA821F8820B000C7CCD9 /* ImageIO.framework */,
				F477CA801F8820A500C7CCD9 /* libc++.tbd */,
				09048CA5F53C35FFA5BD58C4 /* Pods_AudioRating_iOS.framework */,
			);
			name = Frameworks;
			sourceTree = "<group>";
		};
		F4546EB41F881F0B00424128 = {
			isa = PBXGroup;
			children = (
				F4DC319D1F8C650700C25222 /* Three_60.wav */,
				F477CA501F881FB900C7CCD9 /* AudioRating_iOS */,
				F4546EBE1F881F0C00424128 /* Products */,
				94E18BF82DCC791028B701A2 /* Pods */,
				ECA2116AFB16E7A7BAFF01F8 /* Frameworks */,
			);
			sourceTree = "<group>";
		};
		F4546EBE1F881F0C00424128 /* Products */ = {
			isa = PBXGroup;
			children = (
				F4546EBD1F881F0C00424128 /* AudioRating_iOS.app */,
			);
			name = Products;
			sourceTree = "<group>";
		};
		F477CA501F881FB900C7CCD9 /* AudioRating_iOS */ = {
			isa = PBXGroup;
			children = (
				F4DC319A1F8C4B5700C25222 /* AudioRating_iOS.entitlements */,
				F477CA511F881FB900C7CCD9 /* CollectionViewCells */,
				F477CA551F881FB900C7CCD9 /* Controller */,
				F477CA5E1F881FB900C7CCD9 /* Extensions */,
				F477CA611F881FB900C7CCD9 /* Resources */,
				F47A0BE71F8C79A2004120F6 /* Source */,
				F477CA641F881FB900C7CCD9 /* Storyboards */,
			);
			path = AudioRating_iOS;
			sourceTree = "<group>";
		};
		F477CA511F881FB900C7CCD9 /* CollectionViewCells */ = {
			isa = PBXGroup;
			children = (
				F477CA521F881FB900C7CCD9 /* ProjectCollectionViewCell.swift */,
				F477CA531F881FB900C7CCD9 /* ProjectCollectionViewCell.xib */,
				F477CA541F881FB900C7CCD9 /* TrackCollectionViewCell.swift */,
			);
			path = CollectionViewCells;
			sourceTree = "<group>";
		};
		F477CA551F881FB900C7CCD9 /* Controller */ = {
			isa = PBXGroup;
			children = (
				F477CA561F881FB900C7CCD9 /* AppDelegate.swift */,
				F477CA571F881FB900C7CCD9 /* Main_ContainerViewController.swift */,
				F477CA581F881FB900C7CCD9 /* Main_DataViewController.swift */,
				F477CA591F881FB900C7CCD9 /* Main_TracksViewController.swift */,
				F477CA5A1F881FB900C7CCD9 /* Projects_MainViewController.swift */,
				F4DC31961F8C497000C25222 /* Projects_TemplatesViewController.swift */,
				F477CA5C1F881FB900C7CCD9 /* Tracks_MainViewController.swift */,
				F477CA5D1F881FB900C7CCD9 /* Tracks_SelectionViewController.swift */,
			);
			path = Controller;
			sourceTree = "<group>";
		};
		F477CA5E1F881FB900C7CCD9 /* Extensions */ = {
			isa = PBXGroup;
			children = (
				F477CA5F1F881FB900C7CCD9 /* UIApplication+Utility.swift */,
				F477CA601F881FB900C7CCD9 /* UIColor+Utility.swift */,
			);
			path = Extensions;
			sourceTree = "<group>";
		};
		F477CA611F881FB900C7CCD9 /* Resources */ = {
			isa = PBXGroup;
			children = (
				F477CA621F881FB900C7CCD9 /* Assets.xcassets */,
				F477CA631F881FB900C7CCD9 /* Info.plist */,
			);
			path = Resources;
			sourceTree = "<group>";
		};
		F477CA641F881FB900C7CCD9 /* Storyboards */ = {
			isa = PBXGroup;
			children = (
				F4DC31981F8C49B500C25222 /* AddProject_Universal.storyboard */,
				F477CA661F881FB900C7CCD9 /* AddTrack_Universal.storyboard */,
				F477CA671F881FB900C7CCD9 /* LaunchScreen.storyboard */,
				F477CA681F881FB900C7CCD9 /* Main_iPad.storyboard */,
				F477CA691F881FB900C7CCD9 /* Main_iPhone.storyboard */,
			);
			path = Storyboards;
			sourceTree = "<group>";
		};
		F47A0BE71F8C79A2004120F6 /* Source */ = {
			isa = PBXGroup;
			children = (
				F47A0BE81F8C79F3004120F6 /* FFTManager.swift */,
			);
			path = Source;
			sourceTree = "<group>";
		};
/* End PBXGroup section */

/* Begin PBXNativeTarget section */
		F4546EBC1F881F0C00424128 /* AudioRating_iOS */ = {
			isa = PBXNativeTarget;
			buildConfigurationList = F4546ECF1F881F0C00424128 /* Build configuration list for PBXNativeTarget "AudioRating_iOS" */;
			buildPhases = (
				0C4AB0875A7F1896A1AE3CBB /* [CP] Check Pods Manifest.lock */,
				F4546EB91F881F0C00424128 /* Sources */,
				F4546EBA1F881F0C00424128 /* Frameworks */,
				F4546EBB1F881F0C00424128 /* Resources */,
			);
			buildRules = (
			);
			dependencies = (
			);
			name = AudioRating_iOS;
			productName = AudioRating_iOS;
			productReference = F4546EBD1F881F0C00424128 /* AudioRating_iOS.app */;
			productType = "com.apple.product-type.application";
		};
/* End PBXNativeTarget section */

/* Begin PBXProject section */
		F4546EB51F881F0B00424128 /* Project object */ = {
			isa = PBXProject;
			attributes = {
				LastSwiftUpdateCheck = 0900;
				LastUpgradeCheck = 0900;
				ORGANIZATIONNAME = LeVieux;
				TargetAttributes = {
					F4546EBC1F881F0C00424128 = {
						CreatedOnToolsVersion = 9.0;
						ProvisioningStyle = Manual;
						SystemCapabilities = {
							com.apple.Push = {
								enabled = 1;
							};
							com.apple.iCloud = {
								enabled = 1;
							};
						};
					};
				};
			};
			buildConfigurationList = F4546EB81F881F0B00424128 /* Build configuration list for PBXProject "AudioRating_iOS" */;
			compatibilityVersion = "Xcode 8.0";
			developmentRegion = en;
			hasScannedForEncodings = 0;
			knownRegions = (
				en,
				Base,
			);
			mainGroup = F4546EB41F881F0B00424128;
			productRefGroup = F4546EBE1F881F0C00424128 /* Products */;
			projectDirPath = "";
			projectRoot = "";
			targets = (
				F4546EBC1F881F0C00424128 /* AudioRating_iOS */,
			);
		};
/* End PBXProject section */

/* Begin PBXResourcesBuildPhase section */
		F4546EBB1F881F0C00424128 /* Resources */ = {
			isa = PBXResourcesBuildPhase;
			buildActionMask = 2147483647;
			files = (
				F477CA771F881FB900C7CCD9 /* Assets.xcassets in Resources */,
				F477CA6B1F881FB900C7CCD9 /* ProjectCollectionViewCell.xib in Resources */,
				F477CA7B1F881FB900C7CCD9 /* LaunchScreen.storyboard in Resources */,
				F477CA7D1F881FB900C7CCD9 /* Main_iPhone.storyboard in Resources */,
				F477CA7A1F881FB900C7CCD9 /* AddTrack_Universal.storyboard in Resources */,
				F477CA7C1F881FB900C7CCD9 /* Main_iPad.storyboard in Resources */,
				F4DC31991F8C4A8300C25222 /* AddProject_Universal.storyboard in Resources */,
			);
			runOnlyForDeploymentPostprocessing = 0;
		};
/* End PBXResourcesBuildPhase section */

/* Begin PBXShellScriptBuildPhase section */
		0C4AB0875A7F1896A1AE3CBB /* [CP] Check Pods Manifest.lock */ = {
			isa = PBXShellScriptBuildPhase;
			buildActionMask = 2147483647;
			files = (
			);
			inputPaths = (
				"${PODS_PODFILE_DIR_PATH}/Podfile.lock",
				"${PODS_ROOT}/Manifest.lock",
			);
			name = "[CP] Check Pods Manifest.lock";
			outputPaths = (
				"$(DERIVED_FILE_DIR)/Pods-AudioRating_iOS-checkManifestLockResult.txt",
			);
			runOnlyForDeploymentPostprocessing = 0;
			shellPath = /bin/sh;
			shellScript = "diff \"${PODS_PODFILE_DIR_PATH}/Podfile.lock\" \"${PODS_ROOT}/Manifest.lock\" > /dev/null\nif [ $? != 0 ] ; then\n    # print error to STDERR\n    echo \"error: The sandbox is not in sync with the Podfile.lock. Run 'pod install' or update your CocoaPods installation.\" >&2\n    exit 1\nfi\n# This output is used by Xcode 'outputs' to avoid re-running this script phase.\necho \"SUCCESS\" > \"${SCRIPT_OUTPUT_FILE_0}\"\n";
			showEnvVarsInLog = 0;
		};
/* End PBXShellScriptBuildPhase section */

/* Begin PBXSourcesBuildPhase section */
		F4546EB91F881F0C00424128 /* Sources */ = {
			isa = PBXSourcesBuildPhase;
			buildActionMask = 2147483647;
			files = (
				F477CA6F1F881FB900C7CCD9 /* Main_DataViewController.swift in Sources */,
				F477CA701F881FB900C7CCD9 /* Main_TracksViewController.swift in Sources */,
				F477CA741F881FB900C7CCD9 /* Tracks_SelectionViewController.swift in Sources */,
				F477CA751F881FB900C7CCD9 /* UIApplication+Utility.swift in Sources */,
				F4DC31971F8C497000C25222 /* Projects_TemplatesViewController.swift in Sources */,
				F477CA6D1F881FB900C7CCD9 /* AppDelegate.swift in Sources */,
				F477CA711F881FB900C7CCD9 /* Projects_MainViewController.swift in Sources */,
				F477CA6C1F881FB900C7CCD9 /* TrackCollectionViewCell.swift in Sources */,
				F477CA761F881FB900C7CCD9 /* UIColor+Utility.swift in Sources */,
				F477CA731F881FB900C7CCD9 /* Tracks_MainViewController.swift in Sources */,
				F477CA6A1F881FB900C7CCD9 /* ProjectCollectionViewCell.swift in Sources */,
				F477CA6E1F881FB900C7CCD9 /* Main_ContainerViewController.swift in Sources */,
				F47A0BE91F8C79F3004120F6 /* FFTManager.swift in Sources */,
			);
			runOnlyForDeploymentPostprocessing = 0;
		};
/* End PBXSourcesBuildPhase section */

/* Begin XCBuildConfiguration section */
		F4546ECD1F881F0C00424128 /* Debug */ = {
			isa = XCBuildConfiguration;
			buildSettings = {
				ALWAYS_SEARCH_USER_PATHS = NO;
				CLANG_ANALYZER_NONNULL = YES;
				CLANG_ANALYZER_NUMBER_OBJECT_CONVERSION = YES_AGGRESSIVE;
				CLANG_CXX_LANGUAGE_STANDARD = "gnu++14";
				CLANG_CXX_LIBRARY = "libc++";
				CLANG_ENABLE_MODULES = YES;
				CLANG_ENABLE_OBJC_ARC = YES;
				CLANG_WARN_BLOCK_CAPTURE_AUTORELEASING = YES;
				CLANG_WARN_BOOL_CONVERSION = YES;
				CLANG_WARN_COMMA = YES;
				CLANG_WARN_CONSTANT_CONVERSION = YES;
				CLANG_WARN_DIRECT_OBJC_ISA_USAGE = YES_ERROR;
				CLANG_WARN_DOCUMENTATION_COMMENTS = YES;
				CLANG_WARN_EMPTY_BODY = YES;
				CLANG_WARN_ENUM_CONVERSION = YES;
				CLANG_WARN_INFINITE_RECURSION = YES;
				CLANG_WARN_INT_CONVERSION = YES;
				CLANG_WARN_NON_LITERAL_NULL_CONVERSION = YES;
				CLANG_WARN_OBJC_LITERAL_CONVERSION = YES;
				CLANG_WARN_OBJC_ROOT_CLASS = YES_ERROR;
				CLANG_WARN_RANGE_LOOP_ANALYSIS = YES;
				CLANG_WARN_STRICT_PROTOTYPES = YES;
				CLANG_WARN_SUSPICIOUS_MOVE = YES;
				CLANG_WARN_UNGUARDED_AVAILABILITY = YES_AGGRESSIVE;
				CLANG_WARN_UNREACHABLE_CODE = YES;
				CLANG_WARN__DUPLICATE_METHOD_MATCH = YES;
				CODE_SIGN_IDENTITY = "iPhone Developer";
				COPY_PHASE_STRIP = NO;
				DEBUG_INFORMATION_FORMAT = dwarf;
				ENABLE_STRICT_OBJC_MSGSEND = YES;
				ENABLE_TESTABILITY = YES;
				GCC_C_LANGUAGE_STANDARD = gnu11;
				GCC_DYNAMIC_NO_PIC = NO;
				GCC_NO_COMMON_BLOCKS = YES;
				GCC_OPTIMIZATION_LEVEL = 0;
				GCC_PREPROCESSOR_DEFINITIONS = (
					"DEBUG=1",
					"$(inherited)",
				);
				GCC_WARN_64_TO_32_BIT_CONVERSION = YES;
				GCC_WARN_ABOUT_RETURN_TYPE = YES_ERROR;
				GCC_WARN_UNDECLARED_SELECTOR = YES;
				GCC_WARN_UNINITIALIZED_AUTOS = YES_AGGRESSIVE;
				GCC_WARN_UNUSED_FUNCTION = YES;
				GCC_WARN_UNUSED_VARIABLE = YES;
				IPHONEOS_DEPLOYMENT_TARGET = 11.0;
				MTL_ENABLE_DEBUG_INFO = YES;
				ONLY_ACTIVE_ARCH = YES;
				SDKROOT = iphoneos;
				SWIFT_ACTIVE_COMPILATION_CONDITIONS = DEBUG;
				SWIFT_OPTIMIZATION_LEVEL = "-Onone";
			};
			name = Debug;
		};
		F4546ECE1F881F0C00424128 /* Release */ = {
			isa = XCBuildConfiguration;
			buildSettings = {
				ALWAYS_SEARCH_USER_PATHS = NO;
				CLANG_ANALYZER_NONNULL = YES;
				CLANG_ANALYZER_NUMBER_OBJECT_CONVERSION = YES_AGGRESSIVE;
				CLANG_CXX_LANGUAGE_STANDARD = "gnu++14";
				CLANG_CXX_LIBRARY = "libc++";
				CLANG_ENABLE_MODULES = YES;
				CLANG_ENABLE_OBJC_ARC = YES;
				CLANG_WARN_BLOCK_CAPTURE_AUTORELEASING = YES;
				CLANG_WARN_BOOL_CONVERSION = YES;
				CLANG_WARN_COMMA = YES;
				CLANG_WARN_CONSTANT_CONVERSION = YES;
				CLANG_WARN_DIRECT_OBJC_ISA_USAGE = YES_ERROR;
				CLANG_WARN_DOCUMENTATION_COMMENTS = YES;
				CLANG_WARN_EMPTY_BODY = YES;
				CLANG_WARN_ENUM_CONVERSION = YES;
				CLANG_WARN_INFINITE_RECURSION = YES;
				CLANG_WARN_INT_CONVERSION = YES;
				CLANG_WARN_NON_LITERAL_NULL_CONVERSION = YES;
				CLANG_WARN_OBJC_LITERAL_CONVERSION = YES;
				CLANG_WARN_OBJC_ROOT_CLASS = YES_ERROR;
				CLANG_WARN_RANGE_LOOP_ANALYSIS = YES;
				CLANG_WARN_STRICT_PROTOTYPES = YES;
				CLANG_WARN_SUSPICIOUS_MOVE = YES;
				CLANG_WARN_UNGUARDED_AVAILABILITY = YES_AGGRESSIVE;
				CLANG_WARN_UNREACHABLE_CODE = YES;
				CLANG_WARN__DUPLICATE_METHOD_MATCH = YES;
				CODE_SIGN_IDENTITY = "iPhone Developer";
				COPY_PHASE_STRIP = NO;
				DEBUG_INFORMATION_FORMAT = "dwarf-with-dsym";
				ENABLE_NS_ASSERTIONS = NO;
				ENABLE_STRICT_OBJC_MSGSEND = YES;
				GCC_C_LANGUAGE_STANDARD = gnu11;
				GCC_NO_COMMON_BLOCKS = YES;
				GCC_WARN_64_TO_32_BIT_CONVERSION = YES;
				GCC_WARN_ABOUT_RETURN_TYPE = YES_ERROR;
				GCC_WARN_UNDECLARED_SELECTOR = YES;
				GCC_WARN_UNINITIALIZED_AUTOS = YES_AGGRESSIVE;
				GCC_WARN_UNUSED_FUNCTION = YES;
				GCC_WARN_UNUSED_VARIABLE = YES;
				IPHONEOS_DEPLOYMENT_TARGET = 11.0;
				MTL_ENABLE_DEBUG_INFO = NO;
				SDKROOT = iphoneos;
				SWIFT_OPTIMIZATION_LEVEL = "-Owholemodule";
				VALIDATE_PRODUCT = YES;
			};
			name = Release;
		};
		F4546ED01F881F0C00424128 /* Debug */ = {
			isa = XCBuildConfiguration;
			baseConfigurationReference = 7434CE3203509203925EDA3F /* Pods-AudioRating_iOS.debug.xcconfig */;
			buildSettings = {
				ASSETCATALOG_COMPILER_APPICON_NAME = AppIcon;
				CODE_SIGN_ENTITLEMENTS = AudioRating_iOS/AudioRating_iOS.entitlements;
				CODE_SIGN_STYLE = Manual;
				DEVELOPMENT_TEAM = 654A374879;
				FRAMEWORK_SEARCH_PATHS = (
					"$(inherited)",
					"$(PROJECT_DIR)",
					"$(DEVELOPER_FRAMEWORKS_DIR)",
				);
				INFOPLIST_FILE = "$(SRCROOT)/AudioRating_iOS/Resources/Info.plist";
				LD_RUNPATH_SEARCH_PATHS = "$(inherited) @executable_path/Frameworks";
				PRODUCT_BUNDLE_IDENTIFIER = "levieux.AudioRating-iOS";
				PRODUCT_NAME = "$(TARGET_NAME)";
				PROVISIONING_PROFILE = "4a7d7dc1-4c29-450e-90dd-edeb363ef142";
				PROVISIONING_PROFILE_SPECIFIER = AudioRating_iOS;
				SWIFT_VERSION = 4.0;
				TARGETED_DEVICE_FAMILY = "1,2";
			};
			name = Debug;
		};
		F4546ED11F881F0C00424128 /* Release */ = {
			isa = XCBuildConfiguration;
			baseConfigurationReference = 60180BC6BD77E08084D0BC31 /* Pods-AudioRating_iOS.release.xcconfig */;
			buildSettings = {
				ASSETCATALOG_COMPILER_APPICON_NAME = AppIcon;
				CODE_SIGN_ENTITLEMENTS = AudioRating_iOS/AudioRating_iOS.entitlements;
				CODE_SIGN_STYLE = Manual;
				DEVELOPMENT_TEAM = 654A374879;
				FRAMEWORK_SEARCH_PATHS = (
					"$(inherited)",
					"$(PROJECT_DIR)",
					"$(DEVELOPER_FRAMEWORKS_DIR)",
				);
				INFOPLIST_FILE = "$(SRCROOT)/AudioRating_iOS/Resources/Info.plist";
				LD_RUNPATH_SEARCH_PATHS = "$(inherited) @executable_path/Frameworks";
				PRODUCT_BUNDLE_IDENTIFIER = "levieux.AudioRating-iOS";
				PRODUCT_NAME = "$(TARGET_NAME)";
				PROVISIONING_PROFILE = "4a7d7dc1-4c29-450e-90dd-edeb363ef142";
				PROVISIONING_PROFILE_SPECIFIER = AudioRating_iOS;
				SWIFT_VERSION = 4.0;
				TARGETED_DEVICE_FAMILY = "1,2";
			};
			name = Release;
		};
/* End XCBuildConfiguration section */

/* Begin XCConfigurationList section */
		F4546EB81F881F0B00424128 /* Build configuration list for PBXProject "AudioRating_iOS" */ = {
			isa = XCConfigurationList;
			buildConfigurations = (
				F4546ECD1F881F0C00424128 /* Debug */,
				F4546ECE1F881F0C00424128 /* Release */,
			);
			defaultConfigurationIsVisible = 0;
			defaultConfigurationName = Release;
		};
		F4546ECF1F881F0C00424128 /* Build configuration list for PBXNativeTarget "AudioRating_iOS" */ = {
			isa = XCConfigurationList;
			buildConfigurations = (
				F4546ED01F881F0C00424128 /* Debug */,
				F4546ED11F881F0C00424128 /* Release */,
			);
			defaultConfigurationIsVisible = 0;
			defaultConfigurationName = Release;
		};
/* End XCConfigurationList section */
	};
	rootObject = F4546EB51F881F0B00424128 /* Project object */;
}
